
Microsoft Visual Studio Solution File, Format Version 12.00
# Visual Studio 15
VisualStudioVersion = 15.0.28307.329
MinimumVisualStudioVersion = 10.0.40219.1
Project("{FAE04EC0-301F-11D3-BF4B-00C04F79EFBC}") = "ProductService", "ProductService\ProductService.csproj", "{A9CF19E9-098B-448A-8CCA-504B456FD982}"
EndProject
Project("{FAE04EC0-301F-11D3-BF4B-00C04F79EFBC}") = "ProductsClient", "ProductsClient\ProductsClient.csproj", "{84316A75-6A18-470E-A3E8-DD530B1C8799}"
EndProject
Project("{FAE04EC0-301F-11D3-BF4B-00C04F79EFBC}") = "ProductsInterfaces", "ProductsInterfaces\ProductsInterfaces.csproj", "{2A40EFB8-C9F8-41A8-A651-3CF986DD0B02}"
EndProject
Global
	GlobalSection(SolutionConfigurationPlatforms) = preSolution
		Debug|Any CPU = Debug|Any CPU
		Release|Any CPU = Release|Any CPU
	EndGlobalSection
	GlobalSection(ProjectConfigurationPlatforms) = postSolution
		{A9CF19E9-098B-448A-8CCA-504B456FD982}.Debug|Any CPU.ActiveCfg = Debug|Any CPU
		{A9CF19E9-098B-448A-8CCA-504B456FD982}.Debug|Any CPU.Build.0 = Debug|Any CPU
		{A9CF19E9-098B-448A-8CCA-504B456FD982}.Release|Any CPU.ActiveCfg = Release|Any CPU
		{A9CF19E9-098B-448A-8CCA-504B456FD982}.Release|Any CPU.Build.0 = Release|Any CPU
		{84316A75-6A18-470E-A3E8-DD530B1C8799}.Debug|Any CPU.ActiveCfg = Debug|Any CPU
		{84316A75-6A18-470E-A3E8-DD530B1C8799}.Debug|Any CPU.Build.0 = Debug|Any CPU
		{84316A75-6A18-470E-A3E8-DD530B1C8799}.Release|Any CPU.ActiveCfg = Release|Any CPU
		{84316A75-6A18-470E-A3E8-DD530B1C8799}.Release|Any CPU.Build.0 = Release|Any CPU
		{2A40EFB8-C9F8-41A8-A651-3CF986DD0B02}.Debug|Any CPU.ActiveCfg = Debug|Any CPU
		{2A40EFB8-C9F8-41A8-A651-3CF986DD0B02}.Debug|Any CPU.Build.0 = Debug|Any CPU
		{2A40EFB8-C9F8-41A8-A651-3CF986DD0B02}.Release|Any CPU.ActiveCfg = Release|Any CPU
		{2A40EFB8-C9F8-41A8-A651-3CF986DD0B02}.Release|Any CPU.Build.0 = Release|Any CPU
	EndGlobalSection
	GlobalSection(SolutionProperties) = preSolution
		HideSolutionNode = FALSE
	EndGlobalSection
	GlobalSection(ExtensibilityGlobals) = postSolution
		SolutionGuid = {07EFB6C5-FFFC-4558-A8BE-59BC74988196}
	EndGlobalSection
EndGlobal
